github.com/cucumber/gherkin/go/v30 v30.1.3 h1:z3ULE1rgjtjNgZ1xhfaWWw1bzdkcA65xTzn4RDVVcxg=
github.com/cucumber/gherkin/go/v30 v30.1.3/go.mod h1:XYKo/yLseXl3q4KUzgcRBcTfexszF4gHbNLSIXnbsUs=
github.com/cucumber/messages/go/v24 v24.1.0 h1:JMpspvV3IoGwcbEUbsKuxr0tRkFP7aqcQ5SvoanS/DA=
github.com/cucumber/messages/go/v24 v24.1.0/go.mod h1:PR0+ygYqqyT1/C4EmioDdvgR8YG9+SZEkxEKw2jfd8g=
github.com/gofrs/uuid v4.4.0+incompatible h1:3qXRTX8/NbyulANqlc0lchS1gqAVxRgsuW1YrTJupqA=
github.com/gofrs/uuid v4.4.0+incompatible/go.mod h1:b2aQJv3Z4Fp6yNu3cdSllBxTCLRxnplIgP/c0N/04lM=
github.com/google/uuid v1.6.0 h1:NIvaJDMOsjHA8n1jAhLSgzrAzy1Hgr+hNrb57e+94F0=
github.com/google/uuid v1.6.0/go.mod h1:TIyPZe4MgqvfeYDBFedMoGGpEw/LqOeaOT+nhxU+yHo=
github.com/hedhyw/semerr v1.1.0 h1:+uyLG8qQyVlAkCjP02BLeJB7kbJqDffeomGqBGOTFm8=
github.com/hedhyw/semerr v1.1.0/go.mod h1:oajX8s0RBIjmxXwtL6A3qZaBA39t/EwS9PF0mQauHt8=
github.com/iancoleman/strcase v0.3.0 h1:nTXanmYxhfFAMjZL34Ov6gkzEsSJZ5DbhxWjvSASxEI=
github.com/iancoleman/strcase v0.3.0/go.mod h1:iwCmte+B7n89clKwxIoIXy/HfoL7AsD47ZCWhYzw7ho=
github.com/stretchr/testify v1.12.1 h1:EuwCh5fleGS7H32xRwO3wRGT7DxrDhLAT6FF8MpWDWE=
github.com/stretchr/testify v1.12.1/go.mod h1:MDEgiDPPsNp5cuIrHPPCyornHKgEVbtFUmoNlxoYthg=
go.yaml.in/yaml/v3 v3.0.5 h1:N6y/pJk8buWs9NY5ERU2HSMfm+IuD/OtfdAnq6kESPw=
go.yaml.in/yaml/v3 v3.0.5/go.mod h1:HVTZu1O7/Vkt2N+BFy8Zza+lnLsABggaTM2ZpNIGuKg=
